
Microsoft Visual Studio Solution File, Format Version 12.00
# Visual Studio Version 17
VisualStudioVersion = 17.8.34330.188
MinimumVisualStudioVersion = 10.0.40219.1
Project("{9A19103F-16F7-4668-BE54-9A1E7A4F7556}") = "WebAPI", "WebAPI\WebAPI.csproj", "{CCE1BF30-2732-4D83-80EC-771337667068}"
EndProject
Project("{9A19103F-16F7-4668-BE54-9A1E7A4F7556}") = "BookStore.DataAccess", "DataAccess\BookStore.DataAccess.csproj", "{42E39FE9-83A5-4BF2-B7B1-387D872FB32E}"
EndProject
Project("{9A19103F-16F7-4668-BE54-9A1E7A4F7556}") = "BookStore.Domain", "BookStore.Domain\BookStore.Domain.csproj", "{8DAEBA3C-E6A4-4555-82DA-1E76CDAEF6F9}"
EndProject
Global
	GlobalSection(SolutionConfigurationPlatforms) = preSolution
		Debug|Any CPU = Debug|Any CPU
		Release|Any CPU = Release|Any CPU
	EndGlobalSection
	GlobalSection(ProjectConfigurationPlatforms) = postSolution
		{CCE1BF30-2732-4D83-80EC-771337667068}.Debug|Any CPU.ActiveCfg = Debug|Any CPU
		{CCE1BF30-2732-4D83-80EC-771337667068}.Debug|Any CPU.Build.0 = Debug|Any CPU
		{CCE1BF30-2732-4D83-80EC-771337667068}.Release|Any CPU.ActiveCfg = Release|Any CPU
		{CCE1BF30-2732-4D83-80EC-771337667068}.Release|Any CPU.Build.0 = Release|Any CPU
		{42E39FE9-83A5-4BF2-B7B1-387D872FB32E}.Debug|Any CPU.ActiveCfg = Debug|Any CPU
		{42E39FE9-83A5-4BF2-B7B1-387D872FB32E}.Debug|Any CPU.Build.0 = Debug|Any CPU
		{42E39FE9-83A5-4BF2-B7B1-387D872FB32E}.Release|Any CPU.ActiveCfg = Release|Any CPU
		{42E39FE9-83A5-4BF2-B7B1-387D872FB32E}.Release|Any CPU.Build.0 = Release|Any CPU
		{8DAEBA3C-E6A4-4555-82DA-1E76CDAEF6F9}.Debug|Any CPU.ActiveCfg = Debug|Any CPU
		{8DAEBA3C-E6A4-4555-82DA-1E76CDAEF6F9}.Debug|Any CPU.Build.0 = Debug|Any CPU
		{8DAEBA3C-E6A4-4555-82DA-1E76CDAEF6F9}.Release|Any CPU.ActiveCfg = Release|Any CPU
		{8DAEBA3C-E6A4-4555-82DA-1E76CDAEF6F9}.Release|Any CPU.Build.0 = Release|Any CPU
	EndGlobalSection
	GlobalSection(SolutionProperties) = preSolution
		HideSolutionNode = FALSE
	EndGlobalSection
	GlobalSection(ExtensibilityGlobals) = postSolution
		SolutionGuid = {B2FC5072-59E5-4DA0-8F1E-75D2A6409732}
	EndGlobalSection
EndGlobal
