
Microsoft Visual Studio Solution File, Format Version 12.00
# Visual Studio Version 17
VisualStudioVersion = 17.8.34330.188
MinimumVisualStudioVersion = 10.0.40219.1
Project("{9A19103F-16F7-4668-BE54-9A1E7A4F7556}") = "SchoolManagement11", "SchoolManagement\SchoolManagement11.csproj", "{39C43245-28D9-463F-B2AC-97D4CE02B7EE}"
EndProject
Project("{9A19103F-16F7-4668-BE54-9A1E7A4F7556}") = "SchoolManagement11.DataAccess", "SchoolManagement11.DataAccess\SchoolManagement11.DataAccess.csproj", "{BDAFB416-9B2E-4044-91D0-32C2615E4638}"
EndProject
Project("{9A19103F-16F7-4668-BE54-9A1E7A4F7556}") = "SchoolManagement11.Domains", "SchoolManagement11.Domains\SchoolManagement11.Domains.csproj", "{65C771D7-29E8-42DC-BA0E-2FB0A20D929D}"
EndProject
Global
	GlobalSection(SolutionConfigurationPlatforms) = preSolution
		Debug|Any CPU = Debug|Any CPU
		Release|Any CPU = Release|Any CPU
	EndGlobalSection
	GlobalSection(ProjectConfigurationPlatforms) = postSolution
		{39C43245-28D9-463F-B2AC-97D4CE02B7EE}.Debug|Any CPU.ActiveCfg = Debug|Any CPU
		{39C43245-28D9-463F-B2AC-97D4CE02B7EE}.Debug|Any CPU.Build.0 = Debug|Any CPU
		{39C43245-28D9-463F-B2AC-97D4CE02B7EE}.Release|Any CPU.ActiveCfg = Release|Any CPU
		{39C43245-28D9-463F-B2AC-97D4CE02B7EE}.Release|Any CPU.Build.0 = Release|Any CPU
		{BDAFB416-9B2E-4044-91D0-32C2615E4638}.Debug|Any CPU.ActiveCfg = Debug|Any CPU
		{BDAFB416-9B2E-4044-91D0-32C2615E4638}.Debug|Any CPU.Build.0 = Debug|Any CPU
		{BDAFB416-9B2E-4044-91D0-32C2615E4638}.Release|Any CPU.ActiveCfg = Release|Any CPU
		{BDAFB416-9B2E-4044-91D0-32C2615E4638}.Release|Any CPU.Build.0 = Release|Any CPU
		{65C771D7-29E8-42DC-BA0E-2FB0A20D929D}.Debug|Any CPU.ActiveCfg = Debug|Any CPU
		{65C771D7-29E8-42DC-BA0E-2FB0A20D929D}.Debug|Any CPU.Build.0 = Debug|Any CPU
		{65C771D7-29E8-42DC-BA0E-2FB0A20D929D}.Release|Any CPU.ActiveCfg = Release|Any CPU
		{65C771D7-29E8-42DC-BA0E-2FB0A20D929D}.Release|Any CPU.Build.0 = Release|Any CPU
	EndGlobalSection
	GlobalSection(SolutionProperties) = preSolution
		HideSolutionNode = FALSE
	EndGlobalSection
	GlobalSection(ExtensibilityGlobals) = postSolution
		SolutionGuid = {8478AFB9-A8B8-4CC2-AF32-CA32C7760976}
	EndGlobalSection
EndGlobal
