
Microsoft Visual Studio Solution File, Format Version 12.00
# Visual Studio Version 17
VisualStudioVersion = 17.8.34330.188
MinimumVisualStudioVersion = 10.0.40219.1
Project("{9A19103F-16F7-4668-BE54-9A1E7A4F7556}") = "ChatWithMe.MVC", "ChatWithMe.MVC\ChatWithMe.MVC.csproj", "{77F890E3-22DF-4281-BCBD-B2FECBCD4DE3}"
EndProject
Project("{9A19103F-16F7-4668-BE54-9A1E7A4F7556}") = "ChatWithMe.DataAccess", "ChatWithMe.DataAccess\ChatWithMe.DataAccess.csproj", "{5B420DF8-441E-49BE-AF96-009965AE7CC5}"
EndProject
Project("{9A19103F-16F7-4668-BE54-9A1E7A4F7556}") = "ChatWithMe.Entities", "ChatWithMe.Entities\ChatWithMe.Entities.csproj", "{B8EE9044-8D0B-4A5B-B39B-B63CAF105893}"
EndProject
Project("{9A19103F-16F7-4668-BE54-9A1E7A4F7556}") = "ChatWithMe.API", "ChatWithMe.API\ChatWithMe.API.csproj", "{4426011E-4355-4FC8-8BB2-BE3BBAFDAEF0}"
EndProject
Global
	GlobalSection(SolutionConfigurationPlatforms) = preSolution
		Debug|Any CPU = Debug|Any CPU
		Release|Any CPU = Release|Any CPU
	EndGlobalSection
	GlobalSection(ProjectConfigurationPlatforms) = postSolution
		{77F890E3-22DF-4281-BCBD-B2FECBCD4DE3}.Debug|Any CPU.ActiveCfg = Debug|Any CPU
		{77F890E3-22DF-4281-BCBD-B2FECBCD4DE3}.Debug|Any CPU.Build.0 = Debug|Any CPU
		{77F890E3-22DF-4281-BCBD-B2FECBCD4DE3}.Release|Any CPU.ActiveCfg = Release|Any CPU
		{77F890E3-22DF-4281-BCBD-B2FECBCD4DE3}.Release|Any CPU.Build.0 = Release|Any CPU
		{5B420DF8-441E-49BE-AF96-009965AE7CC5}.Debug|Any CPU.ActiveCfg = Debug|Any CPU
		{5B420DF8-441E-49BE-AF96-009965AE7CC5}.Debug|Any CPU.Build.0 = Debug|Any CPU
		{5B420DF8-441E-49BE-AF96-009965AE7CC5}.Release|Any CPU.ActiveCfg = Release|Any CPU
		{5B420DF8-441E-49BE-AF96-009965AE7CC5}.Release|Any CPU.Build.0 = Release|Any CPU
		{B8EE9044-8D0B-4A5B-B39B-B63CAF105893}.Debug|Any CPU.ActiveCfg = Debug|Any CPU
		{B8EE9044-8D0B-4A5B-B39B-B63CAF105893}.Debug|Any CPU.Build.0 = Debug|Any CPU
		{B8EE9044-8D0B-4A5B-B39B-B63CAF105893}.Release|Any CPU.ActiveCfg = Release|Any CPU
		{B8EE9044-8D0B-4A5B-B39B-B63CAF105893}.Release|Any CPU.Build.0 = Release|Any CPU
		{4426011E-4355-4FC8-8BB2-BE3BBAFDAEF0}.Debug|Any CPU.ActiveCfg = Debug|Any CPU
		{4426011E-4355-4FC8-8BB2-BE3BBAFDAEF0}.Debug|Any CPU.Build.0 = Debug|Any CPU
		{4426011E-4355-4FC8-8BB2-BE3BBAFDAEF0}.Release|Any CPU.ActiveCfg = Release|Any CPU
		{4426011E-4355-4FC8-8BB2-BE3BBAFDAEF0}.Release|Any CPU.Build.0 = Release|Any CPU
	EndGlobalSection
	GlobalSection(SolutionProperties) = preSolution
		HideSolutionNode = FALSE
	EndGlobalSection
	GlobalSection(ExtensibilityGlobals) = postSolution
		SolutionGuid = {092447DD-EEA8-429B-A3C5-C862C5423A1D}
	EndGlobalSection
EndGlobal
