
Microsoft Visual Studio Solution File, Format Version 12.00
# Visual Studio Version 17
VisualStudioVersion = 17.8.34330.188
MinimumVisualStudioVersion = 10.0.40219.1
Project("{FAE04EC0-301F-11D3-BF4B-00C04F79EFBC}") = "MVC2", "MVC2\MVC2.csproj", "{A0471EC3-7A8C-4751-BE60-C6F89E899042}"
EndProject
Global
	GlobalSection(SolutionConfigurationPlatforms) = preSolution
		Debug|Any CPU = Debug|Any CPU
		Release|Any CPU = Release|Any CPU
	EndGlobalSection
	GlobalSection(ProjectConfigurationPlatforms) = postSolution
		{A0471EC3-7A8C-4751-BE60-C6F89E899042}.Debug|Any CPU.ActiveCfg = Debug|Any CPU
		{A0471EC3-7A8C-4751-BE60-C6F89E899042}.Debug|Any CPU.Build.0 = Debug|Any CPU
		{A0471EC3-7A8C-4751-BE60-C6F89E899042}.Release|Any CPU.ActiveCfg = Release|Any CPU
		{A0471EC3-7A8C-4751-BE60-C6F89E899042}.Release|Any CPU.Build.0 = Release|Any CPU
	EndGlobalSection
	GlobalSection(SolutionProperties) = preSolution
		HideSolutionNode = FALSE
	EndGlobalSection
	GlobalSection(ExtensibilityGlobals) = postSolution
		SolutionGuid = {A8BDF844-BDFE-4DB1-B8DD-B7482643ADD4}
	EndGlobalSection
EndGlobal
