
Microsoft Visual Studio Solution File, Format Version 12.00
# Visual Studio Version 17
VisualStudioVersion = 17.8.34330.188
MinimumVisualStudioVersion = 10.0.40219.1
Project("{FAE04EC0-301F-11D3-BF4B-00C04F79EFBC}") = "TrendBazar.Entities", "TrendBazar.Entities\TrendBazar.Entities.csproj", "{6DFEBC7E-2C76-4FB3-8C43-4C6DA43020EE}"
EndProject
Project("{FAE04EC0-301F-11D3-BF4B-00C04F79EFBC}") = "TrendBazar.DataAccess", "TrendBazar.DataAccess\TrendBazar.DataAccess.csproj", "{44BAE701-6A80-484F-AC9B-B2221C07217C}"
EndProject
Project("{FAE04EC0-301F-11D3-BF4B-00C04F79EFBC}") = "TrendBazar.API", "TrendBazar.API\TrendBazar.API.csproj", "{B0FFB2B4-34C2-4371-AFB4-D579190CE576}"
EndProject
Global
	GlobalSection(SolutionConfigurationPlatforms) = preSolution
		Debug|Any CPU = Debug|Any CPU
		Release|Any CPU = Release|Any CPU
	EndGlobalSection
	GlobalSection(ProjectConfigurationPlatforms) = postSolution
		{6DFEBC7E-2C76-4FB3-8C43-4C6DA43020EE}.Debug|Any CPU.ActiveCfg = Debug|Any CPU
		{6DFEBC7E-2C76-4FB3-8C43-4C6DA43020EE}.Debug|Any CPU.Build.0 = Debug|Any CPU
		{6DFEBC7E-2C76-4FB3-8C43-4C6DA43020EE}.Release|Any CPU.ActiveCfg = Release|Any CPU
		{6DFEBC7E-2C76-4FB3-8C43-4C6DA43020EE}.Release|Any CPU.Build.0 = Release|Any CPU
		{44BAE701-6A80-484F-AC9B-B2221C07217C}.Debug|Any CPU.ActiveCfg = Debug|Any CPU
		{44BAE701-6A80-484F-AC9B-B2221C07217C}.Debug|Any CPU.Build.0 = Debug|Any CPU
		{44BAE701-6A80-484F-AC9B-B2221C07217C}.Release|Any CPU.ActiveCfg = Release|Any CPU
		{44BAE701-6A80-484F-AC9B-B2221C07217C}.Release|Any CPU.Build.0 = Release|Any CPU
		{B0FFB2B4-34C2-4371-AFB4-D579190CE576}.Debug|Any CPU.ActiveCfg = Debug|Any CPU
		{B0FFB2B4-34C2-4371-AFB4-D579190CE576}.Debug|Any CPU.Build.0 = Debug|Any CPU
		{B0FFB2B4-34C2-4371-AFB4-D579190CE576}.Release|Any CPU.ActiveCfg = Release|Any CPU
		{B0FFB2B4-34C2-4371-AFB4-D579190CE576}.Release|Any CPU.Build.0 = Release|Any CPU
	EndGlobalSection
	GlobalSection(SolutionProperties) = preSolution
		HideSolutionNode = FALSE
	EndGlobalSection
	GlobalSection(ExtensibilityGlobals) = postSolution
		SolutionGuid = {F6EDD759-036F-40C4-BD52-6B55625FAEDE}
	EndGlobalSection
EndGlobal
